// !$*UTF8*$!
{
	archiveVersion = 1;
	classes = {
	};
	objectVersion = 46;
	objects = {

/* Begin PBXBuildFile section */
		021DE2181C503B1C0031FAC8 /* RDFNavigationController.swift in Sources */ = {isa = PBXBuildFile; fileRef = 021DE2171C503B1C0031FAC8 /* RDFNavigationController.swift */; };
		021DE21A1C503B640031FAC8 /* RDFFileNavigationController.swift in Sources */ = {isa = PBXBuildFile; fileRef = 021DE2191C503B640031FAC8 /* RDFFileNavigationController.swift */; };
		021DE21C1C503C790031FAC8 /* StatementTableViewController.swift in Sources */ = {isa = PBXBuildFile; fileRef = 021DE21B1C503C790031FAC8 /* StatementTableViewController.swift */; };
		021DE2211C518A840031FAC8 /* RDFNavigation.swift in Sources */ = {isa = PBXBuildFile; fileRef = 021DE2201C518A840031FAC8 /* RDFNavigation.swift */; };
		021DE2241C5192800031FAC8 /* FileView.xib in Resources */ = {isa = PBXBuildFile; fileRef = 021DE2231C5192800031FAC8 /* FileView.xib */; };
		021DE2261C5193960031FAC8 /* FileView.swift in Sources */ = {isa = PBXBuildFile; fileRef = 021DE2251C5193960031FAC8 /* FileView.swift */; };
		021DE2281C52EE810031FAC8 /* rdffile-sidebar.pdf in Resources */ = {isa = PBXBuildFile; fileRef = 021DE2271C52EE810031FAC8 /* rdffile-sidebar.pdf */; };
		021DE22A1C5307C10031FAC8 /* IconTextView.swift in Sources */ = {isa = PBXBuildFile; fileRef = 021DE2291C5307C10031FAC8 /* IconTextView.swift */; };
		021DE2311C530BFD0031FAC8 /* IconTextView.xib in Resources */ = {isa = PBXBuildFile; fileRef = 021DE2301C530BFD0031FAC8 /* IconTextView.xib */; };
		021DE2331C530FBE0031FAC8 /* namedgraph-sidebar.pdf in Resources */ = {isa = PBXBuildFile; fileRef = 021DE2321C530FBE0031FAC8 /* namedgraph-sidebar.pdf */; };
		0266B5E01C4D563400CA2FE0 /* AppDelegate.swift in Sources */ = {isa = PBXBuildFile; fileRef = 0266B5DF1C4D563400CA2FE0 /* AppDelegate.swift */; };
		0266B5E21C4D563400CA2FE0 /* MainSplitViewController.swift in Sources */ = {isa = PBXBuildFile; fileRef = 0266B5E11C4D563400CA2FE0 /* MainSplitViewController.swift */; };
		0266B5E41C4D563400CA2FE0 /* RDFDocument.swift in Sources */ = {isa = PBXBuildFile; fileRef = 0266B5E31C4D563400CA2FE0 /* RDFDocument.swift */; };
		0266B5E61C4D563400CA2FE0 /* Assets.xcassets in Resources */ = {isa = PBXBuildFile; fileRef = 0266B5E51C4D563400CA2FE0 /* Assets.xcassets */; };
		0266B5E91C4D563400CA2FE0 /* Main.storyboard in Resources */ = {isa = PBXBuildFile; fileRef = 0266B5E71C4D563400CA2FE0 /* Main.storyboard */; };
		0266B5F41C4D563400CA2FE0 /* OntologistTests.swift in Sources */ = {isa = PBXBuildFile; fileRef = 0266B5F31C4D563400CA2FE0 /* OntologistTests.swift */; };
		0266B5FF1C4D563400CA2FE0 /* OntologistUITests.swift in Sources */ = {isa = PBXBuildFile; fileRef = 0266B5FE1C4D563400CA2FE0 /* OntologistUITests.swift */; };
		0266B60D1C4D57A800CA2FE0 /* SwiftRDFOSX.framework in Frameworks */ = {isa = PBXBuildFile; fileRef = 0266B60C1C4D57A800CA2FE0 /* SwiftRDFOSX.framework */; };
		0266B60F1C4EE90100CA2FE0 /* RDFDocumentWindowController.swift in Sources */ = {isa = PBXBuildFile; fileRef = 0266B60E1C4EE90100CA2FE0 /* RDFDocumentWindowController.swift */; };
		0266B6121C4EEB5900CA2FE0 /* RDFGraphNavigationController.swift in Sources */ = {isa = PBXBuildFile; fileRef = 0266B6111C4EEB5900CA2FE0 /* RDFGraphNavigationController.swift */; };
/* End PBXBuildFile section */

/* Begin PBXContainerItemProxy section */
		0266B5F01C4D563400CA2FE0 /* PBXContainerItemProxy */ = {
			isa = PBXContainerItemProxy;
			containerPortal = 0266B5D41C4D563400CA2FE0 /* Project object */;
			proxyType = 1;
			remoteGlobalIDString = 0266B5DB1C4D563400CA2FE0;
			remoteInfo = Ontologist;
		};
		0266B5FB1C4D563400CA2FE0 /* PBXContainerItemProxy */ = {
			isa = PBXContainerItemProxy;
			containerPortal = 0266B5D41C4D563400CA2FE0 /* Project object */;
			proxyType = 1;
			remoteGlobalIDString = 0266B5DB1C4D563400CA2FE0;
			remoteInfo = Ontologist;
		};
/* End PBXContainerItemProxy section */

/* Begin PBXFileReference section */
		021DE2171C503B1C0031FAC8 /* RDFNavigationController.swift */ = {isa = PBXFileReference; fileEncoding = 4; lastKnownFileType = sourcecode.swift; path = RDFNavigationController.swift; sourceTree = "<group>"; };
		021DE2191C503B640031FAC8 /* RDFFileNavigationController.swift */ = {isa = PBXFileReference; fileEncoding = 4; lastKnownFileType = sourcecode.swift; path = RDFFileNavigationController.swift; sourceTree = "<group>"; };
		021DE21B1C503C790031FAC8 /* StatementTableViewController.swift */ = {isa = PBXFileReference; fileEncoding = 4; lastKnownFileType = sourcecode.swift; path = StatementTableViewController.swift; sourceTree = "<group>"; };
		021DE2201C518A840031FAC8 /* RDFNavigation.swift */ = {isa = PBXFileReference; fileEncoding = 4; lastKnownFileType = sourcecode.swift; path = RDFNavigation.swift; sourceTree = "<group>"; };
		021DE2231C5192800031FAC8 /* FileView.xib */ = {isa = PBXFileReference; fileEncoding = 4; lastKnownFileType = file.xib; path = FileView.xib; sourceTree = "<group>"; };
		021DE2251C5193960031FAC8 /* FileView.swift */ = {isa = PBXFileReference; fileEncoding = 4; lastKnownFileType = sourcecode.swift; path = FileView.swift; sourceTree = "<group>"; };
		021DE2271C52EE810031FAC8 /* rdffile-sidebar.pdf */ = {isa = PBXFileReference; lastKnownFileType = image.pdf; path = "rdffile-sidebar.pdf"; sourceTree = "<group>"; };
		021DE2291C5307C10031FAC8 /* IconTextView.swift */ = {isa = PBXFileReference; fileEncoding = 4; lastKnownFileType = sourcecode.swift; path = IconTextView.swift; sourceTree = "<group>"; };
		021DE2301C530BFD0031FAC8 /* IconTextView.xib */ = {isa = PBXFileReference; fileEncoding = 4; lastKnownFileType = file.xib; path = IconTextView.xib; sourceTree = "<group>"; };
		021DE2321C530FBE0031FAC8 /* namedgraph-sidebar.pdf */ = {isa = PBXFileReference; lastKnownFileType = image.pdf; path = "namedgraph-sidebar.pdf"; sourceTree = "<group>"; };
		0266B5DC1C4D563400CA2FE0 /* Ontologist.app */ = {isa = PBXFileReference; explicitFileType = wrapper.application; includeInIndex = 0; path = Ontologist.app; sourceTree = BUILT_PRODUCTS_DIR; };
		0266B5DF1C4D563400CA2FE0 /* AppDelegate.swift */ = {isa = PBXFileReference; lastKnownFileType = sourcecode.swift; path = AppDelegate.swift; sourceTree = "<group>"; };
		0266B5E11C4D563400CA2FE0 /* MainSplitViewController.swift */ = {isa = PBXFileReference; lastKnownFileType = sourcecode.swift; path = MainSplitViewController.swift; sourceTree = "<group>"; };
		0266B5E31C4D563400CA2FE0 /* RDFDocument.swift */ = {isa = PBXFileReference; lastKnownFileType = sourcecode.swift; path = RDFDocument.swift; sourceTree = "<group>"; };
		0266B5E51C4D563400CA2FE0 /* Assets.xcassets */ = {isa = PBXFileReference; lastKnownFileType = folder.assetcatalog; path = Assets.xcassets; sourceTree = "<group>"; };
		0266B5E81C4D563400CA2FE0 /* Base */ = {isa = PBXFileReference; lastKnownFileType = file.storyboard; name = Base; path = Base.lproj/Main.storyboard; sourceTree = "<group>"; };
		0266B5EA1C4D563400CA2FE0 /* Info.plist */ = {isa = PBXFileReference; lastKnownFileType = text.plist.xml; path = Info.plist; sourceTree = "<group>"; };
		0266B5EF1C4D563400CA2FE0 /* OntologistTests.xctest */ = {isa = PBXFileReference; explicitFileType = wrapper.cfbundle; includeInIndex = 0; path = OntologistTests.xctest; sourceTree = BUILT_PRODUCTS_DIR; };
		0266B5F31C4D563400CA2FE0 /* OntologistTests.swift */ = {isa = PBXFileReference; lastKnownFileType = sourcecode.swift; path = OntologistTests.swift; sourceTree = "<group>"; };
		0266B5F51C4D563400CA2FE0 /* Info.plist */ = {isa = PBXFileReference; lastKnownFileType = text.plist.xml; path = Info.plist; sourceTree = "<group>"; };
		0266B5FA1C4D563400CA2FE0 /* OntologistUITests.xctest */ = {isa = PBXFileReference; explicitFileType = wrapper.cfbundle; includeInIndex = 0; path = OntologistUITests.xctest; sourceTree = BUILT_PRODUCTS_DIR; };
		0266B5FE1C4D563400CA2FE0 /* OntologistUITests.swift */ = {isa = PBXFileReference; lastKnownFileType = sourcecode.swift; path = OntologistUITests.swift; sourceTree = "<group>"; };
		0266B6001C4D563400CA2FE0 /* Info.plist */ = {isa = PBXFileReference; lastKnownFileType = text.plist.xml; path = Info.plist; sourceTree = "<group>"; };
		0266B60C1C4D57A800CA2FE0 /* SwiftRDFOSX.framework */ = {isa = PBXFileReference; lastKnownFileType = wrapper.framework; name = SwiftRDFOSX.framework; path = ../Build/Products/Debug/SwiftRDFOSX.framework; sourceTree = "<group>"; };
		0266B60E1C4EE90100CA2FE0 /* RDFDocumentWindowController.swift */ = {isa = PBXFileReference; fileEncoding = 4; lastKnownFileType = sourcecode.swift; path = RDFDocumentWindowController.swift; sourceTree = "<group>"; };
		0266B6111C4EEB5900CA2FE0 /* RDFGraphNavigationController.swift */ = {isa = PBXFileReference; fileEncoding = 4; lastKnownFileType = sourcecode.swift; path = RDFGraphNavigationController.swift; sourceTree = "<group>"; };
/* End PBXFileReference section */

/* Begin PBXFrameworksBuildPhase section */
		0266B5D91C4D563400CA2FE0 /* Frameworks */ = {
			isa = PBXFrameworksBuildPhase;
			buildActionMask = 2147483647;
			files = (
				0266B60D1C4D57A800CA2FE0 /* SwiftRDFOSX.framework in Frameworks */,
			);
			runOnlyForDeploymentPostprocessing = 0;
		};
		0266B5EC1C4D563400CA2FE0 /* Frameworks */ = {
			isa = PBXFrameworksBuildPhase;
			buildActionMask = 2147483647;
			files = (
			);
			runOnlyForDeploymentPostprocessing = 0;
		};
		0266B5F71C4D563400CA2FE0 /* Frameworks */ = {
			isa = PBXFrameworksBuildPhase;
			buildActionMask = 2147483647;
			files = (
			);
			runOnlyForDeploymentPostprocessing = 0;
		};
/* End PBXFrameworksBuildPhase section */

/* Begin PBXGroup section */
		021DE21D1C503D850031FAC8 /* Model */ = {
			isa = PBXGroup;
			children = (
				0266B5E31C4D563400CA2FE0 /* RDFDocument.swift */,
				021DE2201C518A840031FAC8 /* RDFNavigation.swift */,
			);
			name = Model;
			sourceTree = "<group>";
		};
		021DE2221C51924A0031FAC8 /* Views */ = {
			isa = PBXGroup;
			children = (
				021DE2231C5192800031FAC8 /* FileView.xib */,
				021DE2251C5193960031FAC8 /* FileView.swift */,
				021DE2301C530BFD0031FAC8 /* IconTextView.xib */,
				021DE2291C5307C10031FAC8 /* IconTextView.swift */,
			);
			name = Views;
			sourceTree = "<group>";
		};
		0266B5D31C4D563400CA2FE0 = {
			isa = PBXGroup;
			children = (
				0266B60C1C4D57A800CA2FE0 /* SwiftRDFOSX.framework */,
				0266B5DE1C4D563400CA2FE0 /* Ontologist */,
				0266B5F21C4D563400CA2FE0 /* OntologistTests */,
				0266B5FD1C4D563400CA2FE0 /* OntologistUITests */,
				0266B5DD1C4D563400CA2FE0 /* Products */,
			);
			sourceTree = "<group>";
		};
		0266B5DD1C4D563400CA2FE0 /* Products */ = {
			isa = PBXGroup;
			children = (
				0266B5DC1C4D563400CA2FE0 /* Ontologist.app */,
				0266B5EF1C4D563400CA2FE0 /* OntologistTests.xctest */,
				0266B5FA1C4D563400CA2FE0 /* OntologistUITests.xctest */,
			);
			name = Products;
			sourceTree = "<group>";
		};
		0266B5DE1C4D563400CA2FE0 /* Ontologist */ = {
			isa = PBXGroup;
			children = (
				021DE2321C530FBE0031FAC8 /* namedgraph-sidebar.pdf */,
				021DE21D1C503D850031FAC8 /* Model */,
				021DE2221C51924A0031FAC8 /* Views */,
				0266B6101C4EE90800CA2FE0 /* Controllers */,
				0266B5DF1C4D563400CA2FE0 /* AppDelegate.swift */,
				0266B5E51C4D563400CA2FE0 /* Assets.xcassets */,
				021DE2271C52EE810031FAC8 /* rdffile-sidebar.pdf */,
				0266B5E71C4D563400CA2FE0 /* Main.storyboard */,
				0266B5EA1C4D563400CA2FE0 /* Info.plist */,
			);
			path = Ontologist;
			sourceTree = "<group>";
		};
		0266B5F21C4D563400CA2FE0 /* OntologistTests */ = {
			isa = PBXGroup;
			children = (
				0266B5F31C4D563400CA2FE0 /* OntologistTests.swift */,
				0266B5F51C4D563400CA2FE0 /* Info.plist */,
			);
			path = OntologistTests;
			sourceTree = "<group>";
		};
		0266B5FD1C4D563400CA2FE0 /* OntologistUITests */ = {
			isa = PBXGroup;
			children = (
				0266B5FE1C4D563400CA2FE0 /* OntologistUITests.swift */,
				0266B6001C4D563400CA2FE0 /* Info.plist */,
			);
			path = OntologistUITests;
			sourceTree = "<group>";
		};
		0266B6101C4EE90800CA2FE0 /* Controllers */ = {
			isa = PBXGroup;
			children = (
				0266B60E1C4EE90100CA2FE0 /* RDFDocumentWindowController.swift */,
				0266B5E11C4D563400CA2FE0 /* MainSplitViewController.swift */,
				0266B6111C4EEB5900CA2FE0 /* RDFGraphNavigationController.swift */,
				021DE2171C503B1C0031FAC8 /* RDFNavigationController.swift */,
				021DE2191C503B640031FAC8 /* RDFFileNavigationController.swift */,
				021DE21B1C503C790031FAC8 /* StatementTableViewController.swift */,
			);
			name = Controllers;
			sourceTree = "<group>";
		};
/* End PBXGroup section */

/* Begin PBXNativeTarget section */
		0266B5DB1C4D563400CA2FE0 /* Ontologist */ = {
			isa = PBXNativeTarget;
			buildConfigurationList = 0266B6031C4D563400CA2FE0 /* Build configuration list for PBXNativeTarget "Ontologist" */;
			buildPhases = (
				0266B5D81C4D563400CA2FE0 /* Sources */,
				0266B5D91C4D563400CA2FE0 /* Frameworks */,
				0266B5DA1C4D563400CA2FE0 /* Resources */,
			);
			buildRules = (
			);
			dependencies = (
			);
			name = Ontologist;
			productName = Ontologist;
			productReference = 0266B5DC1C4D563400CA2FE0 /* Ontologist.app */;
			productType = "com.apple.product-type.application";
		};
		0266B5EE1C4D563400CA2FE0 /* OntologistTests */ = {
			isa = PBXNativeTarget;
			buildConfigurationList = 0266B6061C4D563400CA2FE0 /* Build configuration list for PBXNativeTarget "OntologistTests" */;
			buildPhases = (
				0266B5EB1C4D563400CA2FE0 /* Sources */,
				0266B5EC1C4D563400CA2FE0 /* Frameworks */,
				0266B5ED1C4D563400CA2FE0 /* Resources */,
			);
			buildRules = (
			);
			dependencies = (
				0266B5F11C4D563400CA2FE0 /* PBXTargetDependency */,
			);
			name = OntologistTests;
			productName = OntologistTests;
			productReference = 0266B5EF1C4D563400CA2FE0 /* OntologistTests.xctest */;
			productType = "com.apple.product-type.bundle.unit-test";
		};
		0266B5F91C4D563400CA2FE0 /* OntologistUITests */ = {
			isa = PBXNativeTarget;
			buildConfigurationList = 0266B6091C4D563400CA2FE0 /* Build configuration list for PBXNativeTarget "OntologistUITests" */;
			buildPhases = (
				0266B5F61C4D563400CA2FE0 /* Sources */,
				0266B5F71C4D563400CA2FE0 /* Frameworks */,
				0266B5F81C4D563400CA2FE0 /* Resources */,
			);
			buildRules = (
			);
			dependencies = (
				0266B5FC1C4D563400CA2FE0 /* PBXTargetDependency */,
			);
			name = OntologistUITests;
			productName = OntologistUITests;
			productReference = 0266B5FA1C4D563400CA2FE0 /* OntologistUITests.xctest */;
			productType = "com.apple.product-type.bundle.ui-testing";
		};
/* End PBXNativeTarget section */

/* Begin PBXProject section */
		0266B5D41C4D563400CA2FE0 /* Project object */ = {
			isa = PBXProject;
			attributes = {
				LastSwiftUpdateCheck = 0720;
				LastUpgradeCheck = 0720;
				ORGANIZATIONNAME = lapsedpacifist;
				TargetAttributes = {
					0266B5DB1C4D563400CA2FE0 = {
						CreatedOnToolsVersion = 7.2;
					};
					0266B5EE1C4D563400CA2FE0 = {
						CreatedOnToolsVersion = 7.2;
						TestTargetID = 0266B5DB1C4D563400CA2FE0;
					};
					0266B5F91C4D563400CA2FE0 = {
						CreatedOnToolsVersion = 7.2;
						TestTargetID = 0266B5DB1C4D563400CA2FE0;
					};
				};
			};
			buildConfigurationList = 0266B5D71C4D563400CA2FE0 /* Build configuration list for PBXProject "Ontologist" */;
			compatibilityVersion = "Xcode 3.2";
			developmentRegion = English;
			hasScannedForEncodings = 0;
			knownRegions = (
				en,
				Base,
			);
			mainGroup = 0266B5D31C4D563400CA2FE0;
			productRefGroup = 0266B5DD1C4D563400CA2FE0 /* Products */;
			projectDirPath = "";
			projectRoot = "";
			targets = (
				0266B5DB1C4D563400CA2FE0 /* Ontologist */,
				0266B5EE1C4D563400CA2FE0 /* OntologistTests */,
				0266B5F91C4D563400CA2FE0 /* OntologistUITests */,
			);
		};
/* End PBXProject section */

/* Begin PBXResourcesBuildPhase section */
		0266B5DA1C4D563400CA2FE0 /* Resources */ = {
			isa = PBXResourcesBuildPhase;
			buildActionMask = 2147483647;
			files = (
				0266B5E61C4D563400CA2FE0 /* Assets.xcassets in Resources */,
				021DE2311C530BFD0031FAC8 /* IconTextView.xib in Resources */,
				021DE2241C5192800031FAC8 /* FileView.xib in Resources */,
				021DE2281C52EE810031FAC8 /* rdffile-sidebar.pdf in Resources */,
				021DE2331C530FBE0031FAC8 /* namedgraph-sidebar.pdf in Resources */,
				0266B5E91C4D563400CA2FE0 /* Main.storyboard in Resources */,
			);
			runOnlyForDeploymentPostprocessing = 0;
		};
		0266B5ED1C4D563400CA2FE0 /* Resources */ = {
			isa = PBXResourcesBuildPhase;
			buildActionMask = 2147483647;
			files = (
			);
			runOnlyForDeploymentPostprocessing = 0;
		};
		0266B5F81C4D563400CA2FE0 /* Resources */ = {
			isa = PBXResourcesBuildPhase;
			buildActionMask = 2147483647;
			files = (
			);
			runOnlyForDeploymentPostprocessing = 0;
		};
/* End PBXResourcesBuildPhase section */

/* Begin PBXSourcesBuildPhase section */
		0266B5D81C4D563400CA2FE0 /* Sources */ = {
			isa = PBXSourcesBuildPhase;
			buildActionMask = 2147483647;
			files = (
				0266B5E21C4D563400CA2FE0 /* MainSplitViewController.swift in Sources */,
				0266B60F1C4EE90100CA2FE0 /* RDFDocumentWindowController.swift in Sources */,
				021DE2181C503B1C0031FAC8 /* RDFNavigationController.swift in Sources */,
				0266B6121C4EEB5900CA2FE0 /* RDFGraphNavigationController.swift in Sources */,
				021DE21A1C503B640031FAC8 /* RDFFileNavigationController.swift in Sources */,
				021DE21C1C503C790031FAC8 /* StatementTableViewController.swift in Sources */,
				021DE2211C518A840031FAC8 /* RDFNavigation.swift in Sources */,
				0266B5E01C4D563400CA2FE0 /* AppDelegate.swift in Sources */,
				021DE2261C5193960031FAC8 /* FileView.swift in Sources */,
				0266B5E41C4D563400CA2FE0 /* RDFDocument.swift in Sources */,
				021DE22A1C5307C10031FAC8 /* IconTextView.swift in Sources */,
			);
			runOnlyForDeploymentPostprocessing = 0;
		};
		0266B5EB1C4D563400CA2FE0 /* Sources */ = {
			isa = PBXSourcesBuildPhase;
			buildActionMask = 2147483647;
			files = (
				0266B5F41C4D563400CA2FE0 /* OntologistTests.swift in Sources */,
			);
			runOnlyForDeploymentPostprocessing = 0;
		};
		0266B5F61C4D563400CA2FE0 /* Sources */ = {
			isa = PBXSourcesBuildPhase;
			buildActionMask = 2147483647;
			files = (
				0266B5FF1C4D563400CA2FE0 /* OntologistUITests.swift in Sources */,
			);
			runOnlyForDeploymentPostprocessing = 0;
		};
/* End PBXSourcesBuildPhase section */

/* Begin PBXTargetDependency section */
		0266B5F11C4D563400CA2FE0 /* PBXTargetDependency */ = {
			isa = PBXTargetDependency;
			target = 0266B5DB1C4D563400CA2FE0 /* Ontologist */;
			targetProxy = 0266B5F01C4D563400CA2FE0 /* PBXContainerItemProxy */;
		};
		0266B5FC1C4D563400CA2FE0 /* PBXTargetDependency */ = {
			isa = PBXTargetDependency;
			target = 0266B5DB1C4D563400CA2FE0 /* Ontologist */;
			targetProxy = 0266B5FB1C4D563400CA2FE0 /* PBXContainerItemProxy */;
		};
/* End PBXTargetDependency section */

/* Begin PBXVariantGroup section */
		0266B5E71C4D563400CA2FE0 /* Main.storyboard */ = {
			isa = PBXVariantGroup;
			children = (
				0266B5E81C4D563400CA2FE0 /* Base */,
			);
			name = Main.storyboard;
			sourceTree = "<group>";
		};
/* End PBXVariantGroup section */

/* Begin XCBuildConfiguration section */
		0266B6011C4D563400CA2FE0 /* Debug */ = {
			isa = XCBuildConfiguration;
			buildSettings = {
				ALWAYS_SEARCH_USER_PATHS = NO;
				CLANG_CXX_LANGUAGE_STANDARD = "gnu++0x";
				CLANG_CXX_LIBRARY = "libc++";
				CLANG_ENABLE_MODULES = YES;
				CLANG_ENABLE_OBJC_ARC = YES;
				CLANG_WARN_BOOL_CONVERSION = YES;
				CLANG_WARN_CONSTANT_CONVERSION = YES;
				CLANG_WARN_DIRECT_OBJC_ISA_USAGE = YES_ERROR;
				CLANG_WARN_EMPTY_BODY = YES;
				CLANG_WARN_ENUM_CONVERSION = YES;
				CLANG_WARN_INT_CONVERSION = YES;
				CLANG_WARN_OBJC_ROOT_CLASS = YES_ERROR;
				CLANG_WARN_UNREACHABLE_CODE = YES;
				CLANG_WARN__DUPLICATE_METHOD_MATCH = YES;
				CODE_SIGN_IDENTITY = "-";
				COPY_PHASE_STRIP = NO;
				DEBUG_INFORMATION_FORMAT = dwarf;
				ENABLE_STRICT_OBJC_MSGSEND = YES;
				ENABLE_TESTABILITY = YES;
				GCC_C_LANGUAGE_STANDARD = gnu99;
				GCC_DYNAMIC_NO_PIC = NO;
				GCC_NO_COMMON_BLOCKS = YES;
				GCC_OPTIMIZATION_LEVEL = 0;
				GCC_PREPROCESSOR_DEFINITIONS = (
					"DEBUG=1",
					"$(inherited)",
				);
				GCC_WARN_64_TO_32_BIT_CONVERSION = YES;
				GCC_WARN_ABOUT_RETURN_TYPE = YES_ERROR;
				GCC_WARN_UNDECLARED_SELECTOR = YES;
				GCC_WARN_UNINITIALIZED_AUTOS = YES_AGGRESSIVE;
				GCC_WARN_UNUSED_FUNCTION = YES;
				GCC_WARN_UNUSED_VARIABLE = YES;
				MACOSX_DEPLOYMENT_TARGET = 10.11;
				MTL_ENABLE_DEBUG_INFO = YES;
				ONLY_ACTIVE_ARCH = YES;
				SDKROOT = macosx;
				SWIFT_OPTIMIZATION_LEVEL = "-Onone";
			};
			name = Debug;
		};
		0266B6021C4D563400CA2FE0 /* Release */ = {
			isa = XCBuildConfiguration;
			buildSettings = {
				ALWAYS_SEARCH_USER_PATHS = NO;
				CLANG_CXX_LANGUAGE_STANDARD = "gnu++0x";
				CLANG_CXX_LIBRARY = "libc++";
				CLANG_ENABLE_MODULES = YES;
				CLANG_ENABLE_OBJC_ARC = YES;
				CLANG_WARN_BOOL_CONVERSION = YES;
				CLANG_WARN_CONSTANT_CONVERSION = YES;
				CLANG_WARN_DIRECT_OBJC_ISA_USAGE = YES_ERROR;
				CLANG_WARN_EMPTY_BODY = YES;
				CLANG_WARN_ENUM_CONVERSION = YES;
				CLANG_WARN_INT_CONVERSION = YES;
				CLANG_WARN_OBJC_ROOT_CLASS = YES_ERROR;
				CLANG_WARN_UNREACHABLE_CODE = YES;
				CLANG_WARN__DUPLICATE_METHOD_MATCH = YES;
				CODE_SIGN_IDENTITY = "-";
				COPY_PHASE_STRIP = NO;
				DEBUG_INFORMATION_FORMAT = "dwarf-with-dsym";
				ENABLE_NS_ASSERTIONS = NO;
				ENABLE_STRICT_OBJC_MSGSEND = YES;
				GCC_C_LANGUAGE_STANDARD = gnu99;
				GCC_NO_COMMON_BLOCKS = YES;
				GCC_WARN_64_TO_32_BIT_CONVERSION = YES;
				GCC_WARN_ABOUT_RETURN_TYPE = YES_ERROR;
				GCC_WARN_UNDECLARED_SELECTOR = YES;
				GCC_WARN_UNINITIALIZED_AUTOS = YES_AGGRESSIVE;
				GCC_WARN_UNUSED_FUNCTION = YES;
				GCC_WARN_UNUSED_VARIABLE = YES;
				MACOSX_DEPLOYMENT_TARGET = 10.11;
				MTL_ENABLE_DEBUG_INFO = NO;
				SDKROOT = macosx;
			};
			name = Release;
		};
		0266B6041C4D563400CA2FE0 /* Debug */ = {
			isa = XCBuildConfiguration;
			buildSettings = {
				ASSETCATALOG_COMPILER_APPICON_NAME = AppIcon;
				COMBINE_HIDPI_IMAGES = YES;
				INFOPLIST_FILE = Ontologist/Info.plist;
				LD_RUNPATH_SEARCH_PATHS = "$(inherited) @executable_path/../Frameworks";
				PRODUCT_BUNDLE_IDENTIFIER = com.lapsedpacifist.Ontologist;
				PRODUCT_NAME = "$(TARGET_NAME)";
			};
			name = Debug;
		};
		0266B6051C4D563400CA2FE0 /* Release */ = {
			isa = XCBuildConfiguration;
			buildSettings = {
				ASSETCATALOG_COMPILER_APPICON_NAME = AppIcon;
				COMBINE_HIDPI_IMAGES = YES;
				INFOPLIST_FILE = Ontologist/Info.plist;
				LD_RUNPATH_SEARCH_PATHS = "$(inherited) @executable_path/../Frameworks";
				PRODUCT_BUNDLE_IDENTIFIER = com.lapsedpacifist.Ontologist;
				PRODUCT_NAME = "$(TARGET_NAME)";
			};
			name = Release;
		};
		0266B6071C4D563400CA2FE0 /* Debug */ = {
			isa = XCBuildConfiguration;
			buildSettings = {
				BUNDLE_LOADER = "$(TEST_HOST)";
				COMBINE_HIDPI_IMAGES = YES;
				INFOPLIST_FILE = OntologistTests/Info.plist;
				LD_RUNPATH_SEARCH_PATHS = "$(inherited) @executable_path/../Frameworks @loader_path/../Frameworks";
				PRODUCT_BUNDLE_IDENTIFIER = com.lapsedpacifist.OntologistTests;
				PRODUCT_NAME = "$(TARGET_NAME)";
				TEST_HOST = "$(BUILT_PRODUCTS_DIR)/Ontologist.app/Contents/MacOS/Ontologist";
			};
			name = Debug;
		};
		0266B6081C4D563400CA2FE0 /* Release */ = {
			isa = XCBuildConfiguration;
			buildSettings = {
				BUNDLE_LOADER = "$(TEST_HOST)";
				COMBINE_HIDPI_IMAGES = YES;
				INFOPLIST_FILE = OntologistTests/Info.plist;
				LD_RUNPATH_SEARCH_PATHS = "$(inherited) @executable_path/../Frameworks @loader_path/../Frameworks";
				PRODUCT_BUNDLE_IDENTIFIER = com.lapsedpacifist.OntologistTests;
				PRODUCT_NAME = "$(TARGET_NAME)";
				TEST_HOST = "$(BUILT_PRODUCTS_DIR)/Ontologist.app/Contents/MacOS/Ontologist";
			};
			name = Release;
		};
		0266B60A1C4D563400CA2FE0 /* Debug */ = {
			isa = XCBuildConfiguration;
			buildSettings = {
				COMBINE_HIDPI_IMAGES = YES;
				INFOPLIST_FILE = OntologistUITests/Info.plist;
				LD_RUNPATH_SEARCH_PATHS = "$(inherited) @executable_path/../Frameworks @loader_path/../Frameworks";
				PRODUCT_BUNDLE_IDENTIFIER = com.lapsedpacifist.OntologistUITests;
				PRODUCT_NAME = "$(TARGET_NAME)";
				TEST_TARGET_NAME = Ontologist;
				USES_XCTRUNNER = YES;
			};
			name = Debug;
		};
		0266B60B1C4D563400CA2FE0 /* Release */ = {
			isa = XCBuildConfiguration;
			buildSettings = {
				COMBINE_HIDPI_IMAGES = YES;
				INFOPLIST_FILE = OntologistUITests/Info.plist;
				LD_RUNPATH_SEARCH_PATHS = "$(inherited) @executable_path/../Frameworks @loader_path/../Frameworks";
				PRODUCT_BUNDLE_IDENTIFIER = com.lapsedpacifist.OntologistUITests;
				PRODUCT_NAME = "$(TARGET_NAME)";
				TEST_TARGET_NAME = Ontologist;
				USES_XCTRUNNER = YES;
			};
			name = Release;
		};
/* End XCBuildConfiguration section */

/* Begin XCConfigurationList section */
		0266B5D71C4D563400CA2FE0 /* Build configuration list for PBXProject "Ontologist" */ = {
			isa = XCConfigurationList;
			buildConfigurations = (
				0266B6011C4D563400CA2FE0 /* Debug */,
				0266B6021C4D563400CA2FE0 /* Release */,
			);
			defaultConfigurationIsVisible = 0;
			defaultConfigurationName = Release;
		};
		0266B6031C4D563400CA2FE0 /* Build configuration list for PBXNativeTarget "Ontologist" */ = {
			isa = XCConfigurationList;
			buildConfigurations = (
				0266B6041C4D563400CA2FE0 /* Debug */,
				0266B6051C4D563400CA2FE0 /* Release */,
			);
			defaultConfigurationIsVisible = 0;
			defaultConfigurationName = Release;
		};
		0266B6061C4D563400CA2FE0 /* Build configuration list for PBXNativeTarget "OntologistTests" */ = {
			isa = XCConfigurationList;
			buildConfigurations = (
				0266B6071C4D563400CA2FE0 /* Debug */,
				0266B6081C4D563400CA2FE0 /* Release */,
			);
			defaultConfigurationIsVisible = 0;
			defaultConfigurationName = Release;
		};
		0266B6091C4D563400CA2FE0 /* Build configuration list for PBXNativeTarget "OntologistUITests" */ = {
			isa = XCConfigurationList;
			buildConfigurations = (
				0266B60A1C4D563400CA2FE0 /* Debug */,
				0266B60B1C4D563400CA2FE0 /* Release */,
			);
			defaultConfigurationIsVisible = 0;
			defaultConfigurationName = Release;
		};
/* End XCConfigurationList section */
	};
	rootObject = 0266B5D41C4D563400CA2FE0 /* Project object */;
}
